// !$*UTF8*$!
{
	archiveVersion = 1;
	classes = {
	};
	objectVersion = 46;
	objects = {

/* Begin PBXBuildFile section */
		4CB725721AA4ABB1001719ED /* main.cpp in Sources */ = {isa = PBXBuildFile; fileRef = 4CB725711AA4ABB1001719ED /* main.cpp */; };
		4CB7257A1AA4ABEA001719ED /* People.cpp in Sources */ = {isa = PBXBuildFile; fileRef = 4CB725781AA4ABEA001719ED /* People.cpp */; };
/* End PBXBuildFile section */

/* Begin PBXCopyFilesBuildPhase section */
		4CB7256C1AA4ABB1001719ED /* CopyFiles */ = {
			isa = PBXCopyFilesBuildPhase;
			buildActionMask = 2147483647;
			dstPath = /usr/share/man/man1/;
			dstSubfolderSpec = 0;
			files = (
			);
			runOnlyForDeploymentPostprocessing = 1;
		};
/* End PBXCopyFilesBuildPhase section */

/* Begin PBXFileReference section */
		4CB7256E1AA4ABB1001719ED /* Lesson_01 */ = {isa = PBXFileReference; explicitFileType = "compiled.mach-o.executable"; includeInIndex = 0; path = Lesson_01; sourceTree = BUILT_PRODUCTS_DIR; };
		4CB725711AA4ABB1001719ED /* main.cpp */ = {isa = PBXFileReference; lastKnownFileType = sourcecode.cpp.cpp; path = main.cpp; sourceTree = "<group>"; };
		4CB725781AA4ABEA001719ED /* People.cpp */ = {isa = PBXFileReference; fileEncoding = 4; lastKnownFileType = sourcecode.cpp.cpp; path = People.cpp; sourceTree = "<group>"; };
		4CB725791AA4ABEA001719ED /* People.h */ = {isa = PBXFileReference; fileEncoding = 4; lastKnownFileType = sourcecode.c.h; path = People.h; sourceTree = "<group>"; };
/* End PBXFileReference section */

/* Begin PBXFrameworksBuildPhase section */
		4CB7256B1AA4ABB1001719ED /* Frameworks */ = {
			isa = PBXFrameworksBuildPhase;
			buildActionMask = 2147483647;
			files = (
			);
			runOnlyForDeploymentPostprocessing = 0;
		};
/* End PBXFrameworksBuildPhase section */

/* Begin PBXGroup section */
		4CB725651AA4ABB1001719ED = {
			isa = PBXGroup;
			children = (
				4CB725701AA4ABB1001719ED /* Lesson_01 */,
				4CB7256F1AA4ABB1001719ED /* Products */,
			);
			sourceTree = "<group>";
		};
		4CB7256F1AA4ABB1001719ED /* Products */ = {
			isa = PBXGroup;
			children = (
				4CB7256E1AA4ABB1001719ED /* Lesson_01 */,
			);
			name = Products;
			sourceTree = "<group>";
		};
		4CB725701AA4ABB1001719ED /* Lesson_01 */ = {
			isa = PBXGroup;
			children = (
				4CB725781AA4ABEA001719ED /* People.cpp */,
				4CB725791AA4ABEA001719ED /* People.h */,
				4CB725711AA4ABB1001719ED /* main.cpp */,
			);
			path = Lesson_01;
			sourceTree = "<group>";
		};
/* End PBXGroup section */

/* Begin PBXNativeTarget section */
		4CB7256D1AA4ABB1001719ED /* Lesson_01 */ = {
			isa = PBXNativeTarget;
			buildConfigurationList = 4CB725751AA4ABB1001719ED /* Build configuration list for PBXNativeTarget "Lesson_01" */;
			buildPhases = (
				4CB7256A1AA4ABB1001719ED /* Sources */,
				4CB7256B1AA4ABB1001719ED /* Frameworks */,
				4CB7256C1AA4ABB1001719ED /* CopyFiles */,
			);
			buildRules = (
			);
			dependencies = (
			);
			name = Lesson_01;
			productName = Lesson_01;
			productReference = 4CB7256E1AA4ABB1001719ED /* Lesson_01 */;
			productType = "com.apple.product-type.tool";
		};
/* End PBXNativeTarget section */

/* Begin PBXProject section */
		4CB725661AA4ABB1001719ED /* Project object */ = {
			isa = PBXProject;
			attributes = {
				LastUpgradeCheck = 0610;
				ORGANIZATIONNAME = wenyueyun;
				TargetAttributes = {
					4CB7256D1AA4ABB1001719ED = {
						CreatedOnToolsVersion = 6.1.1;
					};
				};
			};
			buildConfigurationList = 4CB725691AA4ABB1001719ED /* Build configuration list for PBXProject "Lesson_01" */;
			compatibilityVersion = "Xcode 3.2";
			developmentRegion = English;
			hasScannedForEncodings = 0;
			knownRegions = (
				en,
			);
			mainGroup = 4CB725651AA4ABB1001719ED;
			productRefGroup = 4CB7256F1AA4ABB1001719ED /* Products */;
			projectDirPath = "";
			projectRoot = "";
			targets = (
				4CB7256D1AA4ABB1001719ED /* Lesson_01 */,
			);
		};
/* End PBXProject section */

/* Begin PBXSourcesBuildPhase section */
		4CB7256A1AA4ABB1001719ED /* Sources */ = {
			isa = PBXSourcesBuildPhase;
			buildActionMask = 2147483647;
			files = (
				4CB7257A1AA4ABEA001719ED /* People.cpp in Sources */,
				4CB725721AA4ABB1001719ED /* main.cpp in Sources */,
			);
			runOnlyForDeploymentPostprocessing = 0;
		};
/* End PBXSourcesBuildPhase section */

/* Begin XCBuildConfiguration section */
		4CB725731AA4ABB1001719ED /* Debug */ = {
			isa = XCBuildConfiguration;
			buildSettings = {
				ALWAYS_SEARCH_USER_PATHS = NO;
				CLANG_CXX_LANGUAGE_STANDARD = "gnu++0x";
				CLANG_CXX_LIBRARY = "libc++";
				CLANG_ENABLE_MODULES = YES;
				CLANG_ENABLE_OBJC_ARC = YES;
				CLANG_WARN_BOOL_CONVERSION = YES;
				CLANG_WARN_CONSTANT_CONVERSION = YES;
				CLANG_WARN_DIRECT_OBJC_ISA_USAGE = YES_ERROR;
				CLANG_WARN_EMPTY_BODY = YES;
				CLANG_WARN_ENUM_CONVERSION = YES;
				CLANG_WARN_INT_CONVERSION = YES;
				CLANG_WARN_OBJC_ROOT_CLASS = YES_ERROR;
				CLANG_WARN_UNREACHABLE_CODE = YES;
				CLANG_WARN__DUPLICATE_METHOD_MATCH = YES;
				COPY_PHASE_STRIP = NO;
				ENABLE_STRICT_OBJC_MSGSEND = YES;
				GCC_C_LANGUAGE_STANDARD = gnu99;
				GCC_DYNAMIC_NO_PIC = NO;
				GCC_OPTIMIZATION_LEVEL = 0;
				GCC_PREPROCESSOR_DEFINITIONS = (
					"DEBUG=1",
					"$(inherited)",
				);
				GCC_SYMBOLS_PRIVATE_EXTERN = NO;
				GCC_WARN_64_TO_32_BIT_CONVERSION = YES;
				GCC_WARN_ABOUT_RETURN_TYPE = YES_ERROR;
				GCC_WARN_UNDECLARED_SELECTOR = YES;
				GCC_WARN_UNINITIALIZED_AUTOS = YES_AGGRESSIVE;
				GCC_WARN_UNUSED_FUNCTION = YES;
				GCC_WARN_UNUSED_VARIABLE = YES;
				MACOSX_DEPLOYMENT_TARGET = 10.10;
				MTL_ENABLE_DEBUG_INFO = YES;
				ONLY_ACTIVE_ARCH = YES;
				SDKROOT = macosx;
			};
			name = Debug;
		};
		4CB725741AA4ABB1001719ED /* Release */ = {
			isa = XCBuildConfiguration;
			buildSettings = {
				ALWAYS_SEARCH_USER_PATHS = NO;
				CLANG_CXX_LANGUAGE_STANDARD = "gnu++0x";
				CLANG_CXX_LIBRARY = "libc++";
				CLANG_ENABLE_MODULES = YES;
				CLANG_ENABLE_OBJC_ARC = YES;
				CLANG_WARN_BOOL_CONVERSION = YES;
				CLANG_WARN_CONSTANT_CONVERSION = YES;
				CLANG_WARN_DIRECT_OBJC_ISA_USAGE = YES_ERROR;
				CLANG_WARN_EMPTY_BODY = YES;
				CLANG_WARN_ENUM_CONVERSION = YES;
				CLANG_WARN_INT_CONVERSION = YES;
				CLANG_WARN_OBJC_ROOT_CLASS = YES_ERROR;
				CLANG_WARN_UNREACHABLE_CODE = YES;
				CLANG_WARN__DUPLICATE_METHOD_MATCH = YES;
				COPY_PHASE_STRIP = YES;
				DEBUG_INFORMATION_FORMAT = "dwarf-with-dsym";
				ENABLE_NS_ASSERTIONS = NO;
				ENABLE_STRICT_OBJC_MSGSEND = YES;
				GCC_C_LANGUAGE_STANDARD = gnu99;
				GCC_WARN_64_TO_32_BIT_CONVERSION = YES;
				GCC_WARN_ABOUT_RETURN_TYPE = YES_ERROR;
				GCC_WARN_UNDECLARED_SELECTOR = YES;
				GCC_WARN_UNINITIALIZED_AUTOS = YES_AGGRESSIVE;
				GCC_WARN_UNUSED_FUNCTION = YES;
				GCC_WARN_UNUSED_VARIABLE = YES;
				MACOSX_DEPLOYMENT_TARGET = 10.10;
				MTL_ENABLE_DEBUG_INFO = NO;
				SDKROOT = macosx;
			};
			name = Release;
		};
		4CB725761AA4ABB1001719ED /* Debug */ = {
			isa = XCBuildConfiguration;
			buildSettings = {
				PRODUCT_NAME = "$(TARGET_NAME)";
			};
			name = Debug;
		};
		4CB725771AA4ABB1001719ED /* Release */ = {
			isa = XCBuildConfiguration;
			buildSettings = {
				PRODUCT_NAME = "$(TARGET_NAME)";
			};
			name = Release;
		};
/* End XCBuildConfiguration section */

/* Begin XCConfigurationList section */
		4CB725691AA4ABB1001719ED /* Build configuration list for PBXProject "Lesson_01" */ = {
			isa = XCConfigurationList;
			buildConfigurations = (
				4CB725731AA4ABB1001719ED /* Debug */,
				4CB725741AA4ABB1001719ED /* Release */,
			);
			defaultConfigurationIsVisible = 0;
			defaultConfigurationName = Release;
		};
		4CB725751AA4ABB1001719ED /* Build configuration list for PBXNativeTarget "Lesson_01" */ = {
			isa = XCConfigurationList;
			buildConfigurations = (
				4CB725761AA4ABB1001719ED /* Debug */,
				4CB725771AA4ABB1001719ED /* Release */,
			);
			defaultConfigurationIsVisible = 0;
		};
/* End XCConfigurationList section */
	};
	rootObject = 4CB725661AA4ABB1001719ED /* Project object */;
}
